
Microsoft Visual Studio Solution File, Format Version 12.00
# Visual Studio Version 17
VisualStudioVersion = 17.13.35818.85 d17.13
MinimumVisualStudioVersion = 10.0.40219.1
Project("{FAE04EC0-301F-11D3-BF4B-00C04F79EFBC}") = "OOP", "OOP\OOP.csproj", "{FEAD2050-1205-4B13-BC99-4E9B16CBCB82}"
EndProject
Project("{FAE04EC0-301F-11D3-BF4B-00C04F79EFBC}") = "Domains", "Domains\Domains.csproj", "{C056CC23-F709-4C25-B17A-7D4BB46A8A3D}"
EndProject
Project("{FAE04EC0-301F-11D3-BF4B-00C04F79EFBC}") = "Services", "Services\Services.csproj", "{54AFDC1D-1AB0-4941-86C9-0DE56F1A5804}"
EndProject
Global
	GlobalSection(SolutionConfigurationPlatforms) = preSolution
		Debug|Any CPU = Debug|Any CPU
		Release|Any CPU = Release|Any CPU
	EndGlobalSection
	GlobalSection(ProjectConfigurationPlatforms) = postSolution
		{FEAD2050-1205-4B13-BC99-4E9B16CBCB82}.Debug|Any CPU.ActiveCfg = Debug|Any CPU
		{FEAD2050-1205-4B13-BC99-4E9B16CBCB82}.Debug|Any CPU.Build.0 = Debug|Any CPU
		{FEAD2050-1205-4B13-BC99-4E9B16CBCB82}.Release|Any CPU.ActiveCfg = Release|Any CPU
		{FEAD2050-1205-4B13-BC99-4E9B16CBCB82}.Release|Any CPU.Build.0 = Release|Any CPU
		{C056CC23-F709-4C25-B17A-7D4BB46A8A3D}.Debug|Any CPU.ActiveCfg = Debug|Any CPU
		{C056CC23-F709-4C25-B17A-7D4BB46A8A3D}.Debug|Any CPU.Build.0 = Debug|Any CPU
		{C056CC23-F709-4C25-B17A-7D4BB46A8A3D}.Release|Any CPU.ActiveCfg = Release|Any CPU
		{C056CC23-F709-4C25-B17A-7D4BB46A8A3D}.Release|Any CPU.Build.0 = Release|Any CPU
		{54AFDC1D-1AB0-4941-86C9-0DE56F1A5804}.Debug|Any CPU.ActiveCfg = Debug|Any CPU
		{54AFDC1D-1AB0-4941-86C9-0DE56F1A5804}.Debug|Any CPU.Build.0 = Debug|Any CPU
		{54AFDC1D-1AB0-4941-86C9-0DE56F1A5804}.Release|Any CPU.ActiveCfg = Release|Any CPU
		{54AFDC1D-1AB0-4941-86C9-0DE56F1A5804}.Release|Any CPU.Build.0 = Release|Any CPU
	EndGlobalSection
	GlobalSection(SolutionProperties) = preSolution
		HideSolutionNode = FALSE
	EndGlobalSection
	GlobalSection(ExtensibilityGlobals) = postSolution
		SolutionGuid = {6BF84AFB-F416-4967-B904-512EE904CB12}
	EndGlobalSection
EndGlobal
